
Microsoft Visual Studio Solution File, Format Version 12.00
# Visual Studio Version 17
VisualStudioVersion = 17.10.35027.167
MinimumVisualStudioVersion = 10.0.40219.1
Project("{9A19103F-16F7-4668-BE54-9A1E7A4F7556}") = "AyD20242_Facturacion_AllanD", "AyD20242_Facturacion_AllanD\AyD20242_Facturacion_AllanD.csproj", "{9285979F-7710-4E63-84C4-5732712A6B01}"
	ProjectSection(ProjectDependencies) = postProject
		{68B15BAF-5D0F-42D7-88AB-DF8B522E90F3} = {68B15BAF-5D0F-42D7-88AB-DF8B522E90F3}
	EndProjectSection
EndProject
Project("{FAE04EC0-301F-11D3-BF4B-00C04F79EFBC}") = "Logica", "Logica\Logica.csproj", "{68B15BAF-5D0F-42D7-88AB-DF8B522E90F3}"
EndProject
Global
	GlobalSection(SolutionConfigurationPlatforms) = preSolution
		Debug|Any CPU = Debug|Any CPU
		Release|Any CPU = Release|Any CPU
	EndGlobalSection
	GlobalSection(ProjectConfigurationPlatforms) = postSolution
		{9285979F-7710-4E63-84C4-5732712A6B01}.Debug|Any CPU.ActiveCfg = Debug|Any CPU
		{9285979F-7710-4E63-84C4-5732712A6B01}.Debug|Any CPU.Build.0 = Debug|Any CPU
		{9285979F-7710-4E63-84C4-5732712A6B01}.Release|Any CPU.ActiveCfg = Release|Any CPU
		{9285979F-7710-4E63-84C4-5732712A6B01}.Release|Any CPU.Build.0 = Release|Any CPU
		{68B15BAF-5D0F-42D7-88AB-DF8B522E90F3}.Debug|Any CPU.ActiveCfg = Debug|Any CPU
		{68B15BAF-5D0F-42D7-88AB-DF8B522E90F3}.Debug|Any CPU.Build.0 = Debug|Any CPU
		{68B15BAF-5D0F-42D7-88AB-DF8B522E90F3}.Release|Any CPU.ActiveCfg = Release|Any CPU
		{68B15BAF-5D0F-42D7-88AB-DF8B522E90F3}.Release|Any CPU.Build.0 = Release|Any CPU
	EndGlobalSection
	GlobalSection(SolutionProperties) = preSolution
		HideSolutionNode = FALSE
	EndGlobalSection
	GlobalSection(ExtensibilityGlobals) = postSolution
		SolutionGuid = {5FE5C0F0-B4BE-43DB-8ECE-AE7F4EA53C87}
	EndGlobalSection
EndGlobal
